
Microsoft Visual Studio Solution File, Format Version 12.00
# Visual Studio Version 16
VisualStudioVersion = 16.0.29806.167
MinimumVisualStudioVersion = 10.0.40219.1
Project("{9A19103F-16F7-4668-BE54-9A1E7A4F7556}") = "XCoinTrader", "XCoinTrader\XCoinTrader.csproj", "{5270C5B1-F4EE-4756-A6C5-893F2782FBF3}"
EndProject
Project("{9A19103F-16F7-4668-BE54-9A1E7A4F7556}") = "DataMiner", "DataMiner\DataMiner.csproj", "{B7049F75-CC2D-4B93-A139-5523E01FB490}"
EndProject
Project("{9A19103F-16F7-4668-BE54-9A1E7A4F7556}") = "ClassLibrary", "ClassLibrary\ClassLibrary.csproj", "{C5114275-461A-4B16-8B7F-BC03005A1ED4}"
EndProject
Project("{9A19103F-16F7-4668-BE54-9A1E7A4F7556}") = "Trader.Traing", "Trader.Traing\Trader.Traing.csproj", "{EB43D271-A7CC-4FB3-B85C-FE2A89E9E781}"
EndProject
Project("{9A19103F-16F7-4668-BE54-9A1E7A4F7556}") = "ConvNetSharp.Volume.GPU", "..\ConvNetSharp-master\src\ConvNetSharp.Volume.GPU\ConvNetSharp.Volume.GPU.csproj", "{E61C900E-E80D-49F3-8675-BF069771E11F}"
EndProject
Project("{2150E333-8FDC-42A3-9474-1A3956D46DE8}") = "ConvNetSharp", "ConvNetSharp", "{7A2797B8-9E4C-4219-A20E-91109B350CCD}"
EndProject
Project("{9A19103F-16F7-4668-BE54-9A1E7A4F7556}") = "ConvNetSharp.Volume", "..\ConvNetSharp-master\src\ConvNetSharp.Volume\ConvNetSharp.Volume.csproj", "{A16FE645-A973-4F48-8BEB-B70481F93646}"
EndProject
Project("{9A19103F-16F7-4668-BE54-9A1E7A4F7556}") = "ConvNetSharp.Core", "..\ConvNetSharp-master\src\ConvNetSharp.Core\ConvNetSharp.Core.csproj", "{108CF1EB-78DD-41EA-A742-F0DA35836872}"
EndProject
Project("{9A19103F-16F7-4668-BE54-9A1E7A4F7556}") = "ConvNetSharp.Flow", "..\ConvNetSharp-master\src\ConvNetSharp.Flow\ConvNetSharp.Flow.csproj", "{65186A7A-E2E3-46DF-BC59-61FF4A8E3611}"
EndProject
Project("{FAE04EC0-301F-11D3-BF4B-00C04F79EFBC}") = "Traing.Evaluating", "Traing.Evaluating\Traing.Evaluating.csproj", "{498F563B-0FB4-49A8-99C1-7AF2478C7FC2}"
EndProject
Global
	GlobalSection(SolutionConfigurationPlatforms) = preSolution
		Debug|Any CPU = Debug|Any CPU
		Release|Any CPU = Release|Any CPU
	EndGlobalSection
	GlobalSection(ProjectConfigurationPlatforms) = postSolution
		{5270C5B1-F4EE-4756-A6C5-893F2782FBF3}.Debug|Any CPU.ActiveCfg = Debug|Any CPU
		{5270C5B1-F4EE-4756-A6C5-893F2782FBF3}.Debug|Any CPU.Build.0 = Debug|Any CPU
		{5270C5B1-F4EE-4756-A6C5-893F2782FBF3}.Release|Any CPU.ActiveCfg = Release|Any CPU
		{5270C5B1-F4EE-4756-A6C5-893F2782FBF3}.Release|Any CPU.Build.0 = Release|Any CPU
		{B7049F75-CC2D-4B93-A139-5523E01FB490}.Debug|Any CPU.ActiveCfg = Debug|Any CPU
		{B7049F75-CC2D-4B93-A139-5523E01FB490}.Debug|Any CPU.Build.0 = Debug|Any CPU
		{B7049F75-CC2D-4B93-A139-5523E01FB490}.Release|Any CPU.ActiveCfg = Release|Any CPU
		{B7049F75-CC2D-4B93-A139-5523E01FB490}.Release|Any CPU.Build.0 = Release|Any CPU
		{C5114275-461A-4B16-8B7F-BC03005A1ED4}.Debug|Any CPU.ActiveCfg = Debug|Any CPU
		{C5114275-461A-4B16-8B7F-BC03005A1ED4}.Debug|Any CPU.Build.0 = Debug|Any CPU
		{C5114275-461A-4B16-8B7F-BC03005A1ED4}.Release|Any CPU.ActiveCfg = Release|Any CPU
		{C5114275-461A-4B16-8B7F-BC03005A1ED4}.Release|Any CPU.Build.0 = Release|Any CPU
		{EB43D271-A7CC-4FB3-B85C-FE2A89E9E781}.Debug|Any CPU.ActiveCfg = Debug|Any CPU
		{EB43D271-A7CC-4FB3-B85C-FE2A89E9E781}.Debug|Any CPU.Build.0 = Debug|Any CPU
		{EB43D271-A7CC-4FB3-B85C-FE2A89E9E781}.Release|Any CPU.ActiveCfg = Release|Any CPU
		{EB43D271-A7CC-4FB3-B85C-FE2A89E9E781}.Release|Any CPU.Build.0 = Release|Any CPU
		{E61C900E-E80D-49F3-8675-BF069771E11F}.Debug|Any CPU.ActiveCfg = Debug|Any CPU
		{E61C900E-E80D-49F3-8675-BF069771E11F}.Debug|Any CPU.Build.0 = Debug|Any CPU
		{E61C900E-E80D-49F3-8675-BF069771E11F}.Release|Any CPU.ActiveCfg = Release|Any CPU
		{E61C900E-E80D-49F3-8675-BF069771E11F}.Release|Any CPU.Build.0 = Release|Any CPU
		{A16FE645-A973-4F48-8BEB-B70481F93646}.Debug|Any CPU.ActiveCfg = Debug|Any CPU
		{A16FE645-A973-4F48-8BEB-B70481F93646}.Debug|Any CPU.Build.0 = Debug|Any CPU
		{A16FE645-A973-4F48-8BEB-B70481F93646}.Release|Any CPU.ActiveCfg = Release|Any CPU
		{A16FE645-A973-4F48-8BEB-B70481F93646}.Release|Any CPU.Build.0 = Release|Any CPU
		{108CF1EB-78DD-41EA-A742-F0DA35836872}.Debug|Any CPU.ActiveCfg = Debug|Any CPU
		{108CF1EB-78DD-41EA-A742-F0DA35836872}.Debug|Any CPU.Build.0 = Debug|Any CPU
		{108CF1EB-78DD-41EA-A742-F0DA35836872}.Release|Any CPU.ActiveCfg = Release|Any CPU
		{108CF1EB-78DD-41EA-A742-F0DA35836872}.Release|Any CPU.Build.0 = Release|Any CPU
		{65186A7A-E2E3-46DF-BC59-61FF4A8E3611}.Debug|Any CPU.ActiveCfg = Debug|Any CPU
		{65186A7A-E2E3-46DF-BC59-61FF4A8E3611}.Debug|Any CPU.Build.0 = Debug|Any CPU
		{65186A7A-E2E3-46DF-BC59-61FF4A8E3611}.Release|Any CPU.ActiveCfg = Release|Any CPU
		{65186A7A-E2E3-46DF-BC59-61FF4A8E3611}.Release|Any CPU.Build.0 = Release|Any CPU
		{498F563B-0FB4-49A8-99C1-7AF2478C7FC2}.Debug|Any CPU.ActiveCfg = Debug|Any CPU
		{498F563B-0FB4-49A8-99C1-7AF2478C7FC2}.Debug|Any CPU.Build.0 = Debug|Any CPU
		{498F563B-0FB4-49A8-99C1-7AF2478C7FC2}.Release|Any CPU.ActiveCfg = Release|Any CPU
		{498F563B-0FB4-49A8-99C1-7AF2478C7FC2}.Release|Any CPU.Build.0 = Release|Any CPU
	EndGlobalSection
	GlobalSection(SolutionProperties) = preSolution
		HideSolutionNode = FALSE
	EndGlobalSection
	GlobalSection(NestedProjects) = preSolution
		{E61C900E-E80D-49F3-8675-BF069771E11F} = {7A2797B8-9E4C-4219-A20E-91109B350CCD}
		{A16FE645-A973-4F48-8BEB-B70481F93646} = {7A2797B8-9E4C-4219-A20E-91109B350CCD}
		{108CF1EB-78DD-41EA-A742-F0DA35836872} = {7A2797B8-9E4C-4219-A20E-91109B350CCD}
		{65186A7A-E2E3-46DF-BC59-61FF4A8E3611} = {7A2797B8-9E4C-4219-A20E-91109B350CCD}
	EndGlobalSection
	GlobalSection(ExtensibilityGlobals) = postSolution
		SolutionGuid = {1EAA4FAD-AEC9-4871-88FC-B2507F2CED15}
	EndGlobalSection
EndGlobal
